
Microsoft Visual Studio Solution File, Format Version 12.00
# Visual Studio 15
VisualStudioVersion = 15.0.28307.852
MinimumVisualStudioVersion = 10.0.40219.1
Project("{FAE04EC0-301F-11D3-BF4B-00C04F79EFBC}") = "NwnLexiconParser", "NwnLexiconParser\NwnLexiconParser.csproj", "{2AD99EC9-74D7-4DC8-B1E9-6B229F828084}"
EndProject
Global
	GlobalSection(SolutionConfigurationPlatforms) = preSolution
		Debug|Any CPU = Debug|Any CPU
		Release|Any CPU = Release|Any CPU
	EndGlobalSection
	GlobalSection(ProjectConfigurationPlatforms) = postSolution
		{2AD99EC9-74D7-4DC8-B1E9-6B229F828084}.Debug|Any CPU.ActiveCfg = Debug|Any CPU
		{2AD99EC9-74D7-4DC8-B1E9-6B229F828084}.Debug|Any CPU.Build.0 = Debug|Any CPU
		{2AD99EC9-74D7-4DC8-B1E9-6B229F828084}.Release|Any CPU.ActiveCfg = Release|Any CPU
		{2AD99EC9-74D7-4DC8-B1E9-6B229F828084}.Release|Any CPU.Build.0 = Release|Any CPU
	EndGlobalSection
	GlobalSection(SolutionProperties) = preSolution
		HideSolutionNode = FALSE
	EndGlobalSection
	GlobalSection(ExtensibilityGlobals) = postSolution
		SolutionGuid = {A7D14689-2135-40AD-BB12-75CB72F95AFE}
	EndGlobalSection
EndGlobal
